
Microsoft Visual Studio Solution File, Format Version 12.00
# Visual Studio Version 17
VisualStudioVersion = 17.8.34525.116
MinimumVisualStudioVersion = 10.0.40219.1
Project("{FAE04EC0-301F-11D3-BF4B-00C04F79EFBC}") = "AlquileVehiculosWebApi", "AlquileVehiculosWebApi\AlquileVehiculosWebApi.csproj", "{3630E27C-4421-4A03-B86A-0C5256544D32}"
EndProject
Global
	GlobalSection(SolutionConfigurationPlatforms) = preSolution
		Debug|Any CPU = Debug|Any CPU
		Release|Any CPU = Release|Any CPU
	EndGlobalSection
	GlobalSection(ProjectConfigurationPlatforms) = postSolution
		{3630E27C-4421-4A03-B86A-0C5256544D32}.Debug|Any CPU.ActiveCfg = Debug|Any CPU
		{3630E27C-4421-4A03-B86A-0C5256544D32}.Debug|Any CPU.Build.0 = Debug|Any CPU
		{3630E27C-4421-4A03-B86A-0C5256544D32}.Release|Any CPU.ActiveCfg = Release|Any CPU
		{3630E27C-4421-4A03-B86A-0C5256544D32}.Release|Any CPU.Build.0 = Release|Any CPU
	EndGlobalSection
	GlobalSection(SolutionProperties) = preSolution
		HideSolutionNode = FALSE
	EndGlobalSection
	GlobalSection(ExtensibilityGlobals) = postSolution
		SolutionGuid = {A99E501B-59EE-4CFC-8B47-470A3FD04716}
	EndGlobalSection
EndGlobal
